{
    "requires": true,
    "lockfileVersion": 1,
    "dependencies": {
        "nativescript-background-http": {
            "version": "3.3.0",
            "resolved": "https://registry.npmjs.org/nativescript-background-http/-/nativescript-background-http-3.3.0.tgz",
            "integrity": "sha512-+eE3EvY13emCCEUbWcuwTl+h9K0jznZBYOuD4zQjQwJKtA0heIslcpxwF/RqqsHBaMBjUBfmee0yeAl9aSmd3w=="
        },
        "nativescript-camera": {
            "version": "4.0.2",
            "resolved": "https://registry.npmjs.org/nativescript-camera/-/nativescript-camera-4.0.2.tgz",
            "integrity": "sha512-ZRRAQHvP2rzQTMXtBg1O3utTUaKvwcC0zcgU64zYvcHP4dkZ8f5x/KulDPrZ5ITsMDH4BJTak3uYU7jnvKk3vA==",
            "requires": {
                "nativescript-permissions": "1.2.3"
            }
        },
        "nativescript-geolocation": {
            "version": "4.3.0",
            "resolved": "https://registry.npmjs.org/nativescript-geolocation/-/nativescript-geolocation-4.3.0.tgz",
            "integrity": "sha512-dzsJx+zdPytZX0eet9nqL54WvflpSkC9vDnSFDt85DqmgOImfn0RQEL1UasrczB3hjB8VsYjGMBR3hTxypmdLQ==",
            "requires": {
                "nativescript-permissions": "1.2.3"
            }
        },
        "nativescript-imagepicker": {
            "version": "6.0.4",
            "resolved": "https://registry.npmjs.org/nativescript-imagepicker/-/nativescript-imagepicker-6.0.4.tgz",
            "integrity": "sha512-O44c/FZSxeIGLsl/gqFCplDvPB1NTQW48SuNVHn1AL6pI2TVXHaCgqVR1Ik0H3bJnn38WPLUWp++sweaoCKQtg==",
            "requires": {
                "nativescript-permissions": "1.2.3"
            }
        },
        "nativescript-intl": {
            "version": "3.0.0",
            "resolved": "https://registry.npmjs.org/nativescript-intl/-/nativescript-intl-3.0.0.tgz",
            "integrity": "sha1-gu6b59N3Fys8QpVzRyMDdijhhqc="
        },
        "nativescript-permissions": {
            "version": "1.2.3",
            "resolved": "https://registry.npmjs.org/nativescript-permissions/-/nativescript-permissions-1.2.3.tgz",
            "integrity": "sha1-4+ZVRfmP5IjdVXj3/5DrrjCI5wA="
        },
        "nativescript-theme-core": {
            "version": "1.0.4",
            "resolved": "https://registry.npmjs.org/nativescript-theme-core/-/nativescript-theme-core-1.0.4.tgz",
            "integrity": "sha1-zyiAx/vy/l9D4iNdMJdQeQgD7+E="
        },
        "tns-core-modules": {
            "version": "4.2.1",
            "resolved": "https://registry.npmjs.org/tns-core-modules/-/tns-core-modules-4.2.1.tgz",
            "integrity": "sha512-UH38lmVrdEJatc8l2q0p7WxWRhv6dXvkwY67cenSRl0FC4z7W/dih3fSlKp4yM9Uo0vu2RFsKRa9+UHyZR1YQA==",
            "requires": {
                "tns-core-modules-widgets": "4.2.1"
            }
        },
        "tns-core-modules-widgets": {
            "version": "4.2.1",
            "resolved": "https://registry.npmjs.org/tns-core-modules-widgets/-/tns-core-modules-widgets-4.2.1.tgz",
            "integrity": "sha512-ncy7D1oxuuX78sZL+MImxEZBYOUnxma7ZIkAsGRdyPjb7a/A/MoaIXmDLK+Ib2xw4Ul2qlCD1nvF56Q1Dy1m4Q=="
        }
    }
}
